
Microsoft Visual Studio Solution File, Format Version 12.00
# Visual Studio 15
VisualStudioVersion = 15.0.27130.2027
MinimumVisualStudioVersion = 10.0.40219.1
Project("{FAE04EC0-301F-11D3-BF4B-00C04F79EFBC}") = "TempLogger", "TempLogger\TempLogger.csproj", "{FA1F028A-BBB5-491E-9FBF-CDE26CAA8023}"
EndProject
Global
	GlobalSection(SolutionConfigurationPlatforms) = preSolution
		Debug|Any CPU = Debug|Any CPU
		Release|Any CPU = Release|Any CPU
	EndGlobalSection
	GlobalSection(ProjectConfigurationPlatforms) = postSolution
		{FA1F028A-BBB5-491E-9FBF-CDE26CAA8023}.Debug|Any CPU.ActiveCfg = Debug|Any CPU
		{FA1F028A-BBB5-491E-9FBF-CDE26CAA8023}.Debug|Any CPU.Build.0 = Debug|Any CPU
		{FA1F028A-BBB5-491E-9FBF-CDE26CAA8023}.Release|Any CPU.ActiveCfg = Release|Any CPU
		{FA1F028A-BBB5-491E-9FBF-CDE26CAA8023}.Release|Any CPU.Build.0 = Release|Any CPU
	EndGlobalSection
	GlobalSection(SolutionProperties) = preSolution
		HideSolutionNode = FALSE
	EndGlobalSection
	GlobalSection(ExtensibilityGlobals) = postSolution
		SolutionGuid = {1335F96A-96A1-4DFE-B8EB-9D08588EBBA4}
	EndGlobalSection
EndGlobal
